
Microsoft Visual Studio Solution File, Format Version 12.00
# Visual Studio 15
VisualStudioVersion = 15.0.27428.2043
MinimumVisualStudioVersion = 10.0.40219.1
Project("{FAE04EC0-301F-11D3-BF4B-00C04F79EFBC}") = "GerenciadorPatrimonios.Domain", "GerenciadorPatrimonios.Domain\GerenciadorPatrimonios.Domain.csproj", "{209A0A4F-AC45-42BE-B343-E8D07F7C62B5}"
EndProject
Project("{FAE04EC0-301F-11D3-BF4B-00C04F79EFBC}") = "GerenciadorPatrimonios.Data", "GerenciadorPatrimonios.Data\GerenciadorPatrimonios.Data.csproj", "{C75C99F8-78FA-4435-8A6E-15A56C007FFB}"
EndProject
Project("{FAE04EC0-301F-11D3-BF4B-00C04F79EFBC}") = "GerenciadorPatrimonios.Api", "GerenciadorPatrimonios.Api\GerenciadorPatrimonios.Api.csproj", "{3FED959B-8DA1-4F90-B576-5CB03698857F}"
EndProject
Global
	GlobalSection(SolutionConfigurationPlatforms) = preSolution
		Debug|Any CPU = Debug|Any CPU
		Release|Any CPU = Release|Any CPU
	EndGlobalSection
	GlobalSection(ProjectConfigurationPlatforms) = postSolution
		{209A0A4F-AC45-42BE-B343-E8D07F7C62B5}.Debug|Any CPU.ActiveCfg = Debug|Any CPU
		{209A0A4F-AC45-42BE-B343-E8D07F7C62B5}.Debug|Any CPU.Build.0 = Debug|Any CPU
		{209A0A4F-AC45-42BE-B343-E8D07F7C62B5}.Release|Any CPU.ActiveCfg = Release|Any CPU
		{209A0A4F-AC45-42BE-B343-E8D07F7C62B5}.Release|Any CPU.Build.0 = Release|Any CPU
		{C75C99F8-78FA-4435-8A6E-15A56C007FFB}.Debug|Any CPU.ActiveCfg = Debug|Any CPU
		{C75C99F8-78FA-4435-8A6E-15A56C007FFB}.Debug|Any CPU.Build.0 = Debug|Any CPU
		{C75C99F8-78FA-4435-8A6E-15A56C007FFB}.Release|Any CPU.ActiveCfg = Release|Any CPU
		{C75C99F8-78FA-4435-8A6E-15A56C007FFB}.Release|Any CPU.Build.0 = Release|Any CPU
		{3FED959B-8DA1-4F90-B576-5CB03698857F}.Debug|Any CPU.ActiveCfg = Debug|Any CPU
		{3FED959B-8DA1-4F90-B576-5CB03698857F}.Debug|Any CPU.Build.0 = Debug|Any CPU
		{3FED959B-8DA1-4F90-B576-5CB03698857F}.Release|Any CPU.ActiveCfg = Release|Any CPU
		{3FED959B-8DA1-4F90-B576-5CB03698857F}.Release|Any CPU.Build.0 = Release|Any CPU
	EndGlobalSection
	GlobalSection(SolutionProperties) = preSolution
		HideSolutionNode = FALSE
	EndGlobalSection
	GlobalSection(ExtensibilityGlobals) = postSolution
		SolutionGuid = {A44DFE37-1BD7-4A05-ACCB-97C3A8ECBDE7}
	EndGlobalSection
EndGlobal
