
Microsoft Visual Studio Solution File, Format Version 12.00
# Visual Studio 15
VisualStudioVersion = 15.0.27130.2027
MinimumVisualStudioVersion = 10.0.40219.1
Project("{2150E333-8FDC-42A3-9474-1A3956D46DE8}") = "0 - Presentation", "0 - Presentation", "{7CEF0E18-8033-422D-B226-D198929A764B}"
EndProject
Project("{2150E333-8FDC-42A3-9474-1A3956D46DE8}") = "1 - Services", "1 - Services", "{B361DDEB-802C-4A33-A39F-A59CD6886277}"
EndProject
Project("{2150E333-8FDC-42A3-9474-1A3956D46DE8}") = "2 - Application", "2 - Application", "{8F303DA5-E2AB-44B8-8C92-3D9777582659}"
EndProject
Project("{2150E333-8FDC-42A3-9474-1A3956D46DE8}") = "3 - Domain", "3 - Domain", "{E35975AF-9318-452A-B80E-C2A116BA1C18}"
EndProject
Project("{2150E333-8FDC-42A3-9474-1A3956D46DE8}") = "4 - Infra", "4 - Infra", "{0FAA72C4-0635-43C4-9AE1-05E03931E526}"
EndProject
Project("{2150E333-8FDC-42A3-9474-1A3956D46DE8}") = "4.1 - Data", "4.1 - Data", "{BFA11DEE-5E55-4416-A33C-C6627E67CBFE}"
EndProject
Project("{2150E333-8FDC-42A3-9474-1A3956D46DE8}") = "4.2 - CrossCutting", "4.2 - CrossCutting", "{3176562F-0966-4D7A-A337-24E8A64949CF}"
EndProject
Global
	GlobalSection(SolutionProperties) = preSolution
		HideSolutionNode = FALSE
	EndGlobalSection
	GlobalSection(NestedProjects) = preSolution
		{BFA11DEE-5E55-4416-A33C-C6627E67CBFE} = {0FAA72C4-0635-43C4-9AE1-05E03931E526}
		{3176562F-0966-4D7A-A337-24E8A64949CF} = {0FAA72C4-0635-43C4-9AE1-05E03931E526}
	EndGlobalSection
	GlobalSection(ExtensibilityGlobals) = postSolution
		SolutionGuid = {ED985E0E-6367-4435-B391-60EAB4BD39EE}
	EndGlobalSection
EndGlobal
